// !$*UTF8*$!
{
	archiveVersion = 1;
	classes = {
	};
	objectVersion = 46;
	objects = {

/* Begin PBXBuildFile section */
		764E51491F51ADBA00C7BAD6 /* AppDelegate.swift in Sources */ = {isa = PBXBuildFile; fileRef = 764E51481F51ADBA00C7BAD6 /* AppDelegate.swift */; };
		764E514B1F51ADBA00C7BAD6 /* ViewController.swift in Sources */ = {isa = PBXBuildFile; fileRef = 764E514A1F51ADBA00C7BAD6 /* ViewController.swift */; };
		764E51501F51ADBA00C7BAD6 /* Assets.xcassets in Resources */ = {isa = PBXBuildFile; fileRef = 764E514F1F51ADBA00C7BAD6 /* Assets.xcassets */; };
		764E51531F51ADBA00C7BAD6 /* LaunchScreen.storyboard in Resources */ = {isa = PBXBuildFile; fileRef = 764E51511F51ADBA00C7BAD6 /* LaunchScreen.storyboard */; };
		764E515B1F51AEFC00C7BAD6 /* UINavigationView.swift in Sources */ = {isa = PBXBuildFile; fileRef = 764E515A1F51AEFC00C7BAD6 /* UINavigationView.swift */; };
		764E51601F51C23A00C7BAD6 /* DateTransformInteger.swift in Sources */ = {isa = PBXBuildFile; fileRef = 764E515E1F51C23A00C7BAD6 /* DateTransformInteger.swift */; };
		764E51611F51C23A00C7BAD6 /* LocationCoordinate2DTransform.swift in Sources */ = {isa = PBXBuildFile; fileRef = 764E515F1F51C23A00C7BAD6 /* LocationCoordinate2DTransform.swift */; };
		764E51641F51C23F00C7BAD6 /* Dictionary+Extensions.swift in Sources */ = {isa = PBXBuildFile; fileRef = 764E51621F51C23F00C7BAD6 /* Dictionary+Extensions.swift */; };
		764E51651F51C23F00C7BAD6 /* GoogleMapsService.swift in Sources */ = {isa = PBXBuildFile; fileRef = 764E51631F51C23F00C7BAD6 /* GoogleMapsService.swift */; };
		764E51671F51C24400C7BAD6 /* SharedTypes.swift in Sources */ = {isa = PBXBuildFile; fileRef = 764E51661F51C24400C7BAD6 /* SharedTypes.swift */; };
		764E516C1F51C25200C7BAD6 /* GoogleMapsDirections.swift in Sources */ = {isa = PBXBuildFile; fileRef = 764E51691F51C25200C7BAD6 /* GoogleMapsDirections.swift */; };
		764E516D1F51C25200C7BAD6 /* Response.swift in Sources */ = {isa = PBXBuildFile; fileRef = 764E516A1F51C25200C7BAD6 /* Response.swift */; };
		764E516E1F51C25200C7BAD6 /* Types.swift in Sources */ = {isa = PBXBuildFile; fileRef = 764E516B1F51C25200C7BAD6 /* Types.swift */; };
		764E51711F51C3D700C7BAD6 /* GooglePlaces.swift in Sources */ = {isa = PBXBuildFile; fileRef = 764E51701F51C3D700C7BAD6 /* GooglePlaces.swift */; };
		764E51731F51C3EA00C7BAD6 /* PlaceAutocompleteResponse.swift in Sources */ = {isa = PBXBuildFile; fileRef = 764E51721F51C3EA00C7BAD6 /* PlaceAutocompleteResponse.swift */; };
		764E51751F51C3F300C7BAD6 /* PlaceDetailsResponse.swift in Sources */ = {isa = PBXBuildFile; fileRef = 764E51741F51C3F300C7BAD6 /* PlaceDetailsResponse.swift */; };
		764E51771F51C3FE00C7BAD6 /* PlaceTypes.swift in Sources */ = {isa = PBXBuildFile; fileRef = 764E51761F51C3FE00C7BAD6 /* PlaceTypes.swift */; };
		E7A75A03EBB8C2A1C93967A0 /* Pods_GMNav.framework in Frameworks */ = {isa = PBXBuildFile; fileRef = 041816DE0959273860D69CB7 /* Pods_GMNav.framework */; };
/* End PBXBuildFile section */

/* Begin PBXFileReference section */
		041816DE0959273860D69CB7 /* Pods_GMNav.framework */ = {isa = PBXFileReference; explicitFileType = wrapper.framework; includeInIndex = 0; path = Pods_GMNav.framework; sourceTree = BUILT_PRODUCTS_DIR; };
		764E51451F51ADBA00C7BAD6 /* GMNav.app */ = {isa = PBXFileReference; explicitFileType = wrapper.application; includeInIndex = 0; path = GMNav.app; sourceTree = BUILT_PRODUCTS_DIR; };
		764E51481F51ADBA00C7BAD6 /* AppDelegate.swift */ = {isa = PBXFileReference; lastKnownFileType = sourcecode.swift; path = AppDelegate.swift; sourceTree = "<group>"; };
		764E514A1F51ADBA00C7BAD6 /* ViewController.swift */ = {isa = PBXFileReference; lastKnownFileType = sourcecode.swift; path = ViewController.swift; sourceTree = "<group>"; };
		764E514F1F51ADBA00C7BAD6 /* Assets.xcassets */ = {isa = PBXFileReference; lastKnownFileType = folder.assetcatalog; path = Assets.xcassets; sourceTree = "<group>"; };
		764E51521F51ADBA00C7BAD6 /* Base */ = {isa = PBXFileReference; lastKnownFileType = file.storyboard; name = Base; path = Base.lproj/LaunchScreen.storyboard; sourceTree = "<group>"; };
		764E51541F51ADBA00C7BAD6 /* Info.plist */ = {isa = PBXFileReference; lastKnownFileType = text.plist.xml; path = Info.plist; sourceTree = "<group>"; };
		764E515A1F51AEFC00C7BAD6 /* UINavigationView.swift */ = {isa = PBXFileReference; fileEncoding = 4; lastKnownFileType = sourcecode.swift; path = UINavigationView.swift; sourceTree = "<group>"; };
		764E515E1F51C23A00C7BAD6 /* DateTransformInteger.swift */ = {isa = PBXFileReference; fileEncoding = 4; lastKnownFileType = sourcecode.swift; path = DateTransformInteger.swift; sourceTree = "<group>"; };
		764E515F1F51C23A00C7BAD6 /* LocationCoordinate2DTransform.swift */ = {isa = PBXFileReference; fileEncoding = 4; lastKnownFileType = sourcecode.swift; path = LocationCoordinate2DTransform.swift; sourceTree = "<group>"; };
		764E51621F51C23F00C7BAD6 /* Dictionary+Extensions.swift */ = {isa = PBXFileReference; fileEncoding = 4; lastKnownFileType = sourcecode.swift; path = "Dictionary+Extensions.swift"; sourceTree = "<group>"; };
		764E51631F51C23F00C7BAD6 /* GoogleMapsService.swift */ = {isa = PBXFileReference; fileEncoding = 4; lastKnownFileType = sourcecode.swift; path = GoogleMapsService.swift; sourceTree = "<group>"; };
		764E51661F51C24400C7BAD6 /* SharedTypes.swift */ = {isa = PBXFileReference; fileEncoding = 4; lastKnownFileType = sourcecode.swift; path = SharedTypes.swift; sourceTree = "<group>"; };
		764E51691F51C25200C7BAD6 /* GoogleMapsDirections.swift */ = {isa = PBXFileReference; fileEncoding = 4; lastKnownFileType = sourcecode.swift; path = GoogleMapsDirections.swift; sourceTree = "<group>"; };
		764E516A1F51C25200C7BAD6 /* Response.swift */ = {isa = PBXFileReference; fileEncoding = 4; lastKnownFileType = sourcecode.swift; path = Response.swift; sourceTree = "<group>"; };
		764E516B1F51C25200C7BAD6 /* Types.swift */ = {isa = PBXFileReference; fileEncoding = 4; lastKnownFileType = sourcecode.swift; path = Types.swift; sourceTree = "<group>"; };
		764E51701F51C3D700C7BAD6 /* GooglePlaces.swift */ = {isa = PBXFileReference; fileEncoding = 4; lastKnownFileType = sourcecode.swift; path = GooglePlaces.swift; sourceTree = "<group>"; };
		764E51721F51C3EA00C7BAD6 /* PlaceAutocompleteResponse.swift */ = {isa = PBXFileReference; fileEncoding = 4; lastKnownFileType = sourcecode.swift; path = PlaceAutocompleteResponse.swift; sourceTree = "<group>"; };
		764E51741F51C3F300C7BAD6 /* PlaceDetailsResponse.swift */ = {isa = PBXFileReference; fileEncoding = 4; lastKnownFileType = sourcecode.swift; path = PlaceDetailsResponse.swift; sourceTree = "<group>"; };
		764E51761F51C3FE00C7BAD6 /* PlaceTypes.swift */ = {isa = PBXFileReference; fileEncoding = 4; lastKnownFileType = sourcecode.swift; path = PlaceTypes.swift; sourceTree = "<group>"; };
		775048919E21FC438DF2B9B3 /* Pods-GMNav.debug.xcconfig */ = {isa = PBXFileReference; includeInIndex = 1; lastKnownFileType = text.xcconfig; name = "Pods-GMNav.debug.xcconfig"; path = "Pods/Target Support Files/Pods-GMNav/Pods-GMNav.debug.xcconfig"; sourceTree = "<group>"; };
		DD242456D8DF39FC0A0AA03B /* Pods-GMNav.release.xcconfig */ = {isa = PBXFileReference; includeInIndex = 1; lastKnownFileType = text.xcconfig; name = "Pods-GMNav.release.xcconfig"; path = "Pods/Target Support Files/Pods-GMNav/Pods-GMNav.release.xcconfig"; sourceTree = "<group>"; };
/* End PBXFileReference section */

/* Begin PBXFrameworksBuildPhase section */
		764E51421F51ADBA00C7BAD6 /* Frameworks */ = {
			isa = PBXFrameworksBuildPhase;
			buildActionMask = 2147483647;
			files = (
				E7A75A03EBB8C2A1C93967A0 /* Pods_GMNav.framework in Frameworks */,
			);
			runOnlyForDeploymentPostprocessing = 0;
		};
/* End PBXFrameworksBuildPhase section */

/* Begin PBXGroup section */
		6B2D53289EA3BEA5B957C4F5 /* Frameworks */ = {
			isa = PBXGroup;
			children = (
				764E515C1F51C1A500C7BAD6 /* GoogleMapsDirections */,
				041816DE0959273860D69CB7 /* Pods_GMNav.framework */,
			);
			name = Frameworks;
			sourceTree = "<group>";
		};
		764E513C1F51ADBA00C7BAD6 = {
			isa = PBXGroup;
			children = (
				764E51471F51ADBA00C7BAD6 /* GMNav */,
				764E51461F51ADBA00C7BAD6 /* Products */,
				A0FB9FC000958B583CE593F2 /* Pods */,
				6B2D53289EA3BEA5B957C4F5 /* Frameworks */,
			);
			sourceTree = "<group>";
		};
		764E51461F51ADBA00C7BAD6 /* Products */ = {
			isa = PBXGroup;
			children = (
				764E51451F51ADBA00C7BAD6 /* GMNav.app */,
			);
			name = Products;
			sourceTree = "<group>";
		};
		764E51471F51ADBA00C7BAD6 /* GMNav */ = {
			isa = PBXGroup;
			children = (
				764E51481F51ADBA00C7BAD6 /* AppDelegate.swift */,
				764E514A1F51ADBA00C7BAD6 /* ViewController.swift */,
				764E514F1F51ADBA00C7BAD6 /* Assets.xcassets */,
				764E51511F51ADBA00C7BAD6 /* LaunchScreen.storyboard */,
				764E51541F51ADBA00C7BAD6 /* Info.plist */,
				764E515A1F51AEFC00C7BAD6 /* UINavigationView.swift */,
			);
			path = GMNav;
			sourceTree = "<group>";
		};
		764E515C1F51C1A500C7BAD6 /* GoogleMapsDirections */ = {
			isa = PBXGroup;
			children = (
				764E516F1F51C39300C7BAD6 /* Google Places API */,
				764E51681F51C24C00C7BAD6 /* Google Maps Directions API */,
				764E515D1F51C23000C7BAD6 /* Core */,
			);
			path = GoogleMapsDirections;
			sourceTree = "<group>";
		};
		764E515D1F51C23000C7BAD6 /* Core */ = {
			isa = PBXGroup;
			children = (
				764E515E1F51C23A00C7BAD6 /* DateTransformInteger.swift */,
				764E51661F51C24400C7BAD6 /* SharedTypes.swift */,
				764E51621F51C23F00C7BAD6 /* Dictionary+Extensions.swift */,
				764E51631F51C23F00C7BAD6 /* GoogleMapsService.swift */,
				764E515F1F51C23A00C7BAD6 /* LocationCoordinate2DTransform.swift */,
			);
			name = Core;
			sourceTree = "<group>";
		};
		764E51681F51C24C00C7BAD6 /* Google Maps Directions API */ = {
			isa = PBXGroup;
			children = (
				764E51691F51C25200C7BAD6 /* GoogleMapsDirections.swift */,
				764E516A1F51C25200C7BAD6 /* Response.swift */,
				764E516B1F51C25200C7BAD6 /* Types.swift */,
			);
			name = "Google Maps Directions API";
			sourceTree = "<group>";
		};
		764E516F1F51C39300C7BAD6 /* Google Places API */ = {
			isa = PBXGroup;
			children = (
				764E51701F51C3D700C7BAD6 /* GooglePlaces.swift */,
				764E51721F51C3EA00C7BAD6 /* PlaceAutocompleteResponse.swift */,
				764E51741F51C3F300C7BAD6 /* PlaceDetailsResponse.swift */,
				764E51761F51C3FE00C7BAD6 /* PlaceTypes.swift */,
			);
			name = "Google Places API";
			sourceTree = "<group>";
		};
		A0FB9FC000958B583CE593F2 /* Pods */ = {
			isa = PBXGroup;
			children = (
				775048919E21FC438DF2B9B3 /* Pods-GMNav.debug.xcconfig */,
				DD242456D8DF39FC0A0AA03B /* Pods-GMNav.release.xcconfig */,
			);
			name = Pods;
			sourceTree = "<group>";
		};
/* End PBXGroup section */

/* Begin PBXNativeTarget section */
		764E51441F51ADBA00C7BAD6 /* GMNav */ = {
			isa = PBXNativeTarget;
			buildConfigurationList = 764E51571F51ADBA00C7BAD6 /* Build configuration list for PBXNativeTarget "GMNav" */;
			buildPhases = (
				A3B6505834283C92CD3AC81C /* [CP] Check Pods Manifest.lock */,
				764E51411F51ADBA00C7BAD6 /* Sources */,
				764E51421F51ADBA00C7BAD6 /* Frameworks */,
				764E51431F51ADBA00C7BAD6 /* Resources */,
				00497E81710A1ACB38E062EF /* [CP] Embed Pods Frameworks */,
				3D49310E895A9EFC13397785 /* [CP] Copy Pods Resources */,
			);
			buildRules = (
			);
			dependencies = (
			);
			name = GMNav;
			productName = GMNav;
			productReference = 764E51451F51ADBA00C7BAD6 /* GMNav.app */;
			productType = "com.apple.product-type.application";
		};
/* End PBXNativeTarget section */

/* Begin PBXProject section */
		764E513D1F51ADBA00C7BAD6 /* Project object */ = {
			isa = PBXProject;
			attributes = {
				LastSwiftUpdateCheck = 0830;
				LastUpgradeCheck = 0830;
				ORGANIZATIONNAME = "ATAMAN Community";
				TargetAttributes = {
					764E51441F51ADBA00C7BAD6 = {
						CreatedOnToolsVersion = 8.3.3;
						DevelopmentTeam = TNNH6FD49C;
						ProvisioningStyle = Automatic;
					};
				};
			};
			buildConfigurationList = 764E51401F51ADBA00C7BAD6 /* Build configuration list for PBXProject "GMNav" */;
			compatibilityVersion = "Xcode 3.2";
			developmentRegion = English;
			hasScannedForEncodings = 0;
			knownRegions = (
				en,
				Base,
			);
			mainGroup = 764E513C1F51ADBA00C7BAD6;
			productRefGroup = 764E51461F51ADBA00C7BAD6 /* Products */;
			projectDirPath = "";
			projectRoot = "";
			targets = (
				764E51441F51ADBA00C7BAD6 /* GMNav */,
			);
		};
/* End PBXProject section */

/* Begin PBXResourcesBuildPhase section */
		764E51431F51ADBA00C7BAD6 /* Resources */ = {
			isa = PBXResourcesBuildPhase;
			buildActionMask = 2147483647;
			files = (
				764E51531F51ADBA00C7BAD6 /* LaunchScreen.storyboard in Resources */,
				764E51501F51ADBA00C7BAD6 /* Assets.xcassets in Resources */,
			);
			runOnlyForDeploymentPostprocessing = 0;
		};
/* End PBXResourcesBuildPhase section */

/* Begin PBXShellScriptBuildPhase section */
		00497E81710A1ACB38E062EF /* [CP] Embed Pods Frameworks */ = {
			isa = PBXShellScriptBuildPhase;
			buildActionMask = 2147483647;
			files = (
			);
			inputPaths = (
				"${SRCROOT}/Pods/Target Support Files/Pods-GMNav/Pods-GMNav-frameworks.sh",
				"${BUILT_PRODUCTS_DIR}/Alamofire/Alamofire.framework",
				"${BUILT_PRODUCTS_DIR}/ObjectMapper/ObjectMapper.framework",
				"${BUILT_PRODUCTS_DIR}/SnapKit/SnapKit.framework",
			);
			name = "[CP] Embed Pods Frameworks";
			outputPaths = (
				"${TARGET_BUILD_DIR}/${FRAMEWORKS_FOLDER_PATH}/Alamofire.framework",
				"${TARGET_BUILD_DIR}/${FRAMEWORKS_FOLDER_PATH}/ObjectMapper.framework",
				"${TARGET_BUILD_DIR}/${FRAMEWORKS_FOLDER_PATH}/SnapKit.framework",
			);
			runOnlyForDeploymentPostprocessing = 0;
			shellPath = /bin/sh;
			shellScript = "\"${SRCROOT}/Pods/Target Support Files/Pods-GMNav/Pods-GMNav-frameworks.sh\"\n";
			showEnvVarsInLog = 0;
		};
		3D49310E895A9EFC13397785 /* [CP] Copy Pods Resources */ = {
			isa = PBXShellScriptBuildPhase;
			buildActionMask = 2147483647;
			files = (
			);
			inputPaths = (
				"${SRCROOT}/Pods/Target Support Files/Pods-GMNav/Pods-GMNav-resources.sh",
				"${PODS_ROOT}/GoogleMaps/Maps/Frameworks/GoogleMaps.framework/Resources/GoogleMaps.bundle",
				"${PODS_ROOT}/GooglePlaces/Frameworks/GooglePlaces.framework/Resources/GooglePlaces.bundle",
			);
			name = "[CP] Copy Pods Resources";
			outputPaths = (
				"${TARGET_BUILD_DIR}/${UNLOCALIZED_RESOURCES_FOLDER_PATH}",
			);
			runOnlyForDeploymentPostprocessing = 0;
			shellPath = /bin/sh;
			shellScript = "\"${SRCROOT}/Pods/Target Support Files/Pods-GMNav/Pods-GMNav-resources.sh\"\n";
			showEnvVarsInLog = 0;
		};
		A3B6505834283C92CD3AC81C /* [CP] Check Pods Manifest.lock */ = {
			isa = PBXShellScriptBuildPhase;
			buildActionMask = 2147483647;
			files = (
			);
			inputPaths = (
				"${PODS_PODFILE_DIR_PATH}/Podfile.lock",
				"${PODS_ROOT}/Manifest.lock",
			);
			name = "[CP] Check Pods Manifest.lock";
			outputPaths = (
				"$(DERIVED_FILE_DIR)/Pods-GMNav-checkManifestLockResult.txt",
			);
			runOnlyForDeploymentPostprocessing = 0;
			shellPath = /bin/sh;
			shellScript = "diff \"${PODS_PODFILE_DIR_PATH}/Podfile.lock\" \"${PODS_ROOT}/Manifest.lock\" > /dev/null\nif [ $? != 0 ] ; then\n    # print error to STDERR\n    echo \"error: The sandbox is not in sync with the Podfile.lock. Run 'pod install' or update your CocoaPods installation.\" >&2\n    exit 1\nfi\n# This output is used by Xcode 'outputs' to avoid re-running this script phase.\necho \"SUCCESS\" > \"${SCRIPT_OUTPUT_FILE_0}\"\n";
			showEnvVarsInLog = 0;
		};
/* End PBXShellScriptBuildPhase section */

/* Begin PBXSourcesBuildPhase section */
		764E51411F51ADBA00C7BAD6 /* Sources */ = {
			isa = PBXSourcesBuildPhase;
			buildActionMask = 2147483647;
			files = (
				764E51771F51C3FE00C7BAD6 /* PlaceTypes.swift in Sources */,
				764E51671F51C24400C7BAD6 /* SharedTypes.swift in Sources */,
				764E514B1F51ADBA00C7BAD6 /* ViewController.swift in Sources */,
				764E51601F51C23A00C7BAD6 /* DateTransformInteger.swift in Sources */,
				764E51731F51C3EA00C7BAD6 /* PlaceAutocompleteResponse.swift in Sources */,
				764E516C1F51C25200C7BAD6 /* GoogleMapsDirections.swift in Sources */,
				764E516D1F51C25200C7BAD6 /* Response.swift in Sources */,
				764E51611F51C23A00C7BAD6 /* LocationCoordinate2DTransform.swift in Sources */,
				764E515B1F51AEFC00C7BAD6 /* UINavigationView.swift in Sources */,
				764E51491F51ADBA00C7BAD6 /* AppDelegate.swift in Sources */,
				764E51651F51C23F00C7BAD6 /* GoogleMapsService.swift in Sources */,
				764E516E1F51C25200C7BAD6 /* Types.swift in Sources */,
				764E51711F51C3D700C7BAD6 /* GooglePlaces.swift in Sources */,
				764E51641F51C23F00C7BAD6 /* Dictionary+Extensions.swift in Sources */,
				764E51751F51C3F300C7BAD6 /* PlaceDetailsResponse.swift in Sources */,
			);
			runOnlyForDeploymentPostprocessing = 0;
		};
/* End PBXSourcesBuildPhase section */

/* Begin PBXVariantGroup section */
		764E51511F51ADBA00C7BAD6 /* LaunchScreen.storyboard */ = {
			isa = PBXVariantGroup;
			children = (
				764E51521F51ADBA00C7BAD6 /* Base */,
			);
			name = LaunchScreen.storyboard;
			sourceTree = "<group>";
		};
/* End PBXVariantGroup section */

/* Begin XCBuildConfiguration section */
		764E51551F51ADBA00C7BAD6 /* Debug */ = {
			isa = XCBuildConfiguration;
			buildSettings = {
				ALWAYS_SEARCH_USER_PATHS = NO;
				CLANG_ANALYZER_NONNULL = YES;
				CLANG_ANALYZER_NUMBER_OBJECT_CONVERSION = YES_AGGRESSIVE;
				CLANG_CXX_LANGUAGE_STANDARD = "gnu++0x";
				CLANG_CXX_LIBRARY = "libc++";
				CLANG_ENABLE_MODULES = YES;
				CLANG_ENABLE_OBJC_ARC = YES;
				CLANG_WARN_BOOL_CONVERSION = YES;
				CLANG_WARN_CONSTANT_CONVERSION = YES;
				CLANG_WARN_DIRECT_OBJC_ISA_USAGE = YES_ERROR;
				CLANG_WARN_DOCUMENTATION_COMMENTS = YES;
				CLANG_WARN_EMPTY_BODY = YES;
				CLANG_WARN_ENUM_CONVERSION = YES;
				CLANG_WARN_INFINITE_RECURSION = YES;
				CLANG_WARN_INT_CONVERSION = YES;
				CLANG_WARN_OBJC_ROOT_CLASS = YES_ERROR;
				CLANG_WARN_SUSPICIOUS_MOVE = YES;
				CLANG_WARN_UNREACHABLE_CODE = YES;
				CLANG_WARN__DUPLICATE_METHOD_MATCH = YES;
				"CODE_SIGN_IDENTITY[sdk=iphoneos*]" = "iPhone Developer";
				COPY_PHASE_STRIP = NO;
				DEBUG_INFORMATION_FORMAT = dwarf;
				ENABLE_STRICT_OBJC_MSGSEND = YES;
				ENABLE_TESTABILITY = YES;
				GCC_C_LANGUAGE_STANDARD = gnu99;
				GCC_DYNAMIC_NO_PIC = NO;
				GCC_NO_COMMON_BLOCKS = YES;
				GCC_OPTIMIZATION_LEVEL = 0;
				GCC_PREPROCESSOR_DEFINITIONS = (
					"DEBUG=1",
					"$(inherited)",
				);
				GCC_WARN_64_TO_32_BIT_CONVERSION = YES;
				GCC_WARN_ABOUT_RETURN_TYPE = YES_ERROR;
				GCC_WARN_UNDECLARED_SELECTOR = YES;
				GCC_WARN_UNINITIALIZED_AUTOS = YES_AGGRESSIVE;
				GCC_WARN_UNUSED_FUNCTION = YES;
				GCC_WARN_UNUSED_VARIABLE = YES;
				IPHONEOS_DEPLOYMENT_TARGET = 10.3;
				MTL_ENABLE_DEBUG_INFO = YES;
				ONLY_ACTIVE_ARCH = YES;
				SDKROOT = iphoneos;
				SWIFT_ACTIVE_COMPILATION_CONDITIONS = DEBUG;
				SWIFT_OPTIMIZATION_LEVEL = "-Onone";
				TARGETED_DEVICE_FAMILY = "1,2";
			};
			name = Debug;
		};
		764E51561F51ADBA00C7BAD6 /* Release */ = {
			isa = XCBuildConfiguration;
			buildSettings = {
				ALWAYS_SEARCH_USER_PATHS = NO;
				CLANG_ANALYZER_NONNULL = YES;
				CLANG_ANALYZER_NUMBER_OBJECT_CONVERSION = YES_AGGRESSIVE;
				CLANG_CXX_LANGUAGE_STANDARD = "gnu++0x";
				CLANG_CXX_LIBRARY = "libc++";
				CLANG_ENABLE_MODULES = YES;
				CLANG_ENABLE_OBJC_ARC = YES;
				CLANG_WARN_BOOL_CONVERSION = YES;
				CLANG_WARN_CONSTANT_CONVERSION = YES;
				CLANG_WARN_DIRECT_OBJC_ISA_USAGE = YES_ERROR;
				CLANG_WARN_DOCUMENTATION_COMMENTS = YES;
				CLANG_WARN_EMPTY_BODY = YES;
				CLANG_WARN_ENUM_CONVERSION = YES;
				CLANG_WARN_INFINITE_RECURSION = YES;
				CLANG_WARN_INT_CONVERSION = YES;
				CLANG_WARN_OBJC_ROOT_CLASS = YES_ERROR;
				CLANG_WARN_SUSPICIOUS_MOVE = YES;
				CLANG_WARN_UNREACHABLE_CODE = YES;
				CLANG_WARN__DUPLICATE_METHOD_MATCH = YES;
				"CODE_SIGN_IDENTITY[sdk=iphoneos*]" = "iPhone Developer";
				COPY_PHASE_STRIP = NO;
				DEBUG_INFORMATION_FORMAT = "dwarf-with-dsym";
				ENABLE_NS_ASSERTIONS = NO;
				ENABLE_STRICT_OBJC_MSGSEND = YES;
				GCC_C_LANGUAGE_STANDARD = gnu99;
				GCC_NO_COMMON_BLOCKS = YES;
				GCC_WARN_64_TO_32_BIT_CONVERSION = YES;
				GCC_WARN_ABOUT_RETURN_TYPE = YES_ERROR;
				GCC_WARN_UNDECLARED_SELECTOR = YES;
				GCC_WARN_UNINITIALIZED_AUTOS = YES_AGGRESSIVE;
				GCC_WARN_UNUSED_FUNCTION = YES;
				GCC_WARN_UNUSED_VARIABLE = YES;
				IPHONEOS_DEPLOYMENT_TARGET = 10.3;
				MTL_ENABLE_DEBUG_INFO = NO;
				SDKROOT = iphoneos;
				SWIFT_OPTIMIZATION_LEVEL = "-Owholemodule";
				TARGETED_DEVICE_FAMILY = "1,2";
				VALIDATE_PRODUCT = YES;
			};
			name = Release;
		};
		764E51581F51ADBA00C7BAD6 /* Debug */ = {
			isa = XCBuildConfiguration;
			baseConfigurationReference = 775048919E21FC438DF2B9B3 /* Pods-GMNav.debug.xcconfig */;
			buildSettings = {
				ASSETCATALOG_COMPILER_APPICON_NAME = AppIcon;
				DEVELOPMENT_TEAM = TNNH6FD49C;
				INFOPLIST_FILE = GMNav/Info.plist;
				LD_RUNPATH_SEARCH_PATHS = "$(inherited) @executable_path/Frameworks";
				PRODUCT_BUNDLE_IDENTIFIER = ua.com.ataman.GMNav;
				PRODUCT_NAME = "$(TARGET_NAME)";
				SWIFT_VERSION = 3.0;
			};
			name = Debug;
		};
		764E51591F51ADBA00C7BAD6 /* Release */ = {
			isa = XCBuildConfiguration;
			baseConfigurationReference = DD242456D8DF39FC0A0AA03B /* Pods-GMNav.release.xcconfig */;
			buildSettings = {
				ASSETCATALOG_COMPILER_APPICON_NAME = AppIcon;
				DEVELOPMENT_TEAM = TNNH6FD49C;
				INFOPLIST_FILE = GMNav/Info.plist;
				LD_RUNPATH_SEARCH_PATHS = "$(inherited) @executable_path/Frameworks";
				PRODUCT_BUNDLE_IDENTIFIER = ua.com.ataman.GMNav;
				PRODUCT_NAME = "$(TARGET_NAME)";
				SWIFT_VERSION = 3.0;
			};
			name = Release;
		};
/* End XCBuildConfiguration section */

/* Begin XCConfigurationList section */
		764E51401F51ADBA00C7BAD6 /* Build configuration list for PBXProject "GMNav" */ = {
			isa = XCConfigurationList;
			buildConfigurations = (
				764E51551F51ADBA00C7BAD6 /* Debug */,
				764E51561F51ADBA00C7BAD6 /* Release */,
			);
			defaultConfigurationIsVisible = 0;
			defaultConfigurationName = Release;
		};
		764E51571F51ADBA00C7BAD6 /* Build configuration list for PBXNativeTarget "GMNav" */ = {
			isa = XCConfigurationList;
			buildConfigurations = (
				764E51581F51ADBA00C7BAD6 /* Debug */,
				764E51591F51ADBA00C7BAD6 /* Release */,
			);
			defaultConfigurationIsVisible = 0;
			defaultConfigurationName = Release;
		};
/* End XCConfigurationList section */
	};
	rootObject = 764E513D1F51ADBA00C7BAD6 /* Project object */;
}
